
Microsoft Visual Studio Solution File, Format Version 12.00
# Visual Studio Version 17
VisualStudioVersion = 17.7.34031.279
MinimumVisualStudioVersion = 10.0.40219.1
Project("{FAE04EC0-301F-11D3-BF4B-00C04F79EFBC}") = "BlazorApp1.Server", "BlazorApp1\Server\BlazorApp1.Server.csproj", "{D4F364B6-08C6-46C9-9953-F7EFD3BA0C20}"
EndProject
Project("{FAE04EC0-301F-11D3-BF4B-00C04F79EFBC}") = "BlazorApp1.Client", "BlazorApp1\Client\BlazorApp1.Client.csproj", "{B347508B-F479-460E-AB15-CE60F1A0BA85}"
EndProject
Project("{FAE04EC0-301F-11D3-BF4B-00C04F79EFBC}") = "BlazorApp1.Shared", "BlazorApp1\Shared\BlazorApp1.Shared.csproj", "{115A22AF-C6F1-456E-8A0B-04D66C985212}"
EndProject
Global
	GlobalSection(SolutionConfigurationPlatforms) = preSolution
		Debug|Any CPU = Debug|Any CPU
		Release|Any CPU = Release|Any CPU
	EndGlobalSection
	GlobalSection(ProjectConfigurationPlatforms) = postSolution
		{D4F364B6-08C6-46C9-9953-F7EFD3BA0C20}.Debug|Any CPU.ActiveCfg = Debug|Any CPU
		{D4F364B6-08C6-46C9-9953-F7EFD3BA0C20}.Debug|Any CPU.Build.0 = Debug|Any CPU
		{D4F364B6-08C6-46C9-9953-F7EFD3BA0C20}.Release|Any CPU.ActiveCfg = Release|Any CPU
		{D4F364B6-08C6-46C9-9953-F7EFD3BA0C20}.Release|Any CPU.Build.0 = Release|Any CPU
		{B347508B-F479-460E-AB15-CE60F1A0BA85}.Debug|Any CPU.ActiveCfg = Debug|Any CPU
		{B347508B-F479-460E-AB15-CE60F1A0BA85}.Debug|Any CPU.Build.0 = Debug|Any CPU
		{B347508B-F479-460E-AB15-CE60F1A0BA85}.Release|Any CPU.ActiveCfg = Release|Any CPU
		{B347508B-F479-460E-AB15-CE60F1A0BA85}.Release|Any CPU.Build.0 = Release|Any CPU
		{115A22AF-C6F1-456E-8A0B-04D66C985212}.Debug|Any CPU.ActiveCfg = Debug|Any CPU
		{115A22AF-C6F1-456E-8A0B-04D66C985212}.Debug|Any CPU.Build.0 = Debug|Any CPU
		{115A22AF-C6F1-456E-8A0B-04D66C985212}.Release|Any CPU.ActiveCfg = Release|Any CPU
		{115A22AF-C6F1-456E-8A0B-04D66C985212}.Release|Any CPU.Build.0 = Release|Any CPU
	EndGlobalSection
	GlobalSection(SolutionProperties) = preSolution
		HideSolutionNode = FALSE
	EndGlobalSection
	GlobalSection(ExtensibilityGlobals) = postSolution
		SolutionGuid = {D64B9C85-72C4-4F65-83B4-5260D1160996}
	EndGlobalSection
EndGlobal
